
Microsoft Visual Studio Solution File, Format Version 12.00
# Visual Studio 15
Project("{FAE04EC0-301F-11D3-BF4B-00C04F79EFBC}") = "Jino's EndlessTrial v0.92", "Assembly-CSharp.csproj", "{28BBE4CD-C9C5-6C12-E1FF-80413339D454}"
EndProject
Global
	GlobalSection(SolutionConfigurationPlatforms) = preSolution
		Debug|Any CPU = Debug|Any CPU
		Release|Any CPU = Release|Any CPU
	EndGlobalSection
	GlobalSection(ProjectConfigurationPlatforms) = postSolution
		{28BBE4CD-C9C5-6C12-E1FF-80413339D454}.Debug|Any CPU.ActiveCfg = Debug|Any CPU
		{28BBE4CD-C9C5-6C12-E1FF-80413339D454}.Debug|Any CPU.Build.0 = Debug|Any CPU
		{28BBE4CD-C9C5-6C12-E1FF-80413339D454}.Release|Any CPU.ActiveCfg = Release|Any CPU
		{28BBE4CD-C9C5-6C12-E1FF-80413339D454}.Release|Any CPU.Build.0 = Release|Any CPU
	EndGlobalSection
	GlobalSection(SolutionProperties) = preSolution
		HideSolutionNode = FALSE
	EndGlobalSection
EndGlobal
